schema: '2.0'
stages:
  ingestion:
    cmd: python main.py --stages ingestion
    deps:
    - path: config/config.yaml
      hash: md5
      md5: c0db5edd267a11490c70db15f2e70c4f
      size: 1008
    - path: main.py
      hash: md5
      md5: 5bbf36b691dfb91a57241eff4d4aa834
      size: 2811
    - path: src/winequality/components/data_ingestion.py
      hash: md5
      md5: ff8da63ad33e76f111598056d16f5ad3
      size: 1110
    - path: src/winequality/pipeline/data_ingestion_pipeline.py
      hash: md5
      md5: b00afa4c989572385f0089b98fc64a2a
      size: 1027
    outs:
    - path: artifacts/data_ingestion/data.zip
      hash: md5
      md5: 98e14459f9fb131cd9f83ecad4328d5d
      size: 23329
    - path: artifacts/data_ingestion/winequality-red.csv
      hash: md5
      md5: 6a883fd98624e18c0b7ce251f4fab4fb
      size: 100951
  validation:
    cmd: python main.py --stages validation
    deps:
    - path: artifacts/data_ingestion/winequality-red.csv
      hash: md5
      md5: 6a883fd98624e18c0b7ce251f4fab4fb
      size: 100951
    - path: config/config.yaml
      hash: md5
      md5: c0db5edd267a11490c70db15f2e70c4f
      size: 1008
    - path: main.py
      hash: md5
      md5: 5bbf36b691dfb91a57241eff4d4aa834
      size: 2811
    - path: schema.yaml
      hash: md5
      md5: 7bb686b005f537e48dfb35d749fcd1ce
      size: 331
    - path: src/winequality/components/data_validation.py
      hash: md5
      md5: 88935d328886a99ed52c1348e9ae8607
      size: 1168
    - path: src/winequality/pipeline/data_validation_pipeline.py
      hash: md5
      md5: 6e9501f64d9e7d1e70f89e4e9f9c0a52
      size: 1004
    outs:
    - path: artifacts/data_validation/status.txt
      hash: md5
      md5: 86e6a2f694c57a675b3e2da6b95ff9ba
      size: 23
  transformation:
    cmd: python main.py --stages transformation
    deps:
    - path: artifacts/data_ingestion/winequality-red.csv
      hash: md5
      md5: 6a883fd98624e18c0b7ce251f4fab4fb
      size: 100951
    - path: artifacts/data_validation/status.txt
      hash: md5
      md5: 86e6a2f694c57a675b3e2da6b95ff9ba
      size: 23
    - path: config/config.yaml
      hash: md5
      md5: c0db5edd267a11490c70db15f2e70c4f
      size: 1008
    - path: main.py
      hash: md5
      md5: 5bbf36b691dfb91a57241eff4d4aa834
      size: 2811
    - path: src/winequality/components/data_transformation.py
      hash: md5
      md5: 9a40ce433a62e54f2ab4058840365d7c
      size: 1073
    - path: src/winequality/pipeline/data_transformation_pipeline.py
      hash: md5
      md5: 39b8c37486735252db89f272c91e2b92
      size: 1500
    outs:
    - path: artifacts/data_transformation/test.csv
      hash: md5
      md5: 02708e7fdb50c9cc17aa1a72b2b790ca
      size: 19157
    - path: artifacts/data_transformation/train.csv
      hash: md5
      md5: 3392df3d3fa27a10ba604052715c7f64
      size: 76075
  training:
    cmd: python main.py --stages training
    deps:
    - path: artifacts/data_transformation/test.csv
      hash: md5
      md5: 02708e7fdb50c9cc17aa1a72b2b790ca
      size: 19157
    - path: artifacts/data_transformation/train.csv
      hash: md5
      md5: 3392df3d3fa27a10ba604052715c7f64
      size: 76075
    - path: config/config.yaml
      hash: md5
      md5: c0db5edd267a11490c70db15f2e70c4f
      size: 1008
    - path: main.py
      hash: md5
      md5: 5bbf36b691dfb91a57241eff4d4aa834
      size: 2811
    - path: schema.yaml
      hash: md5
      md5: 7bb686b005f537e48dfb35d749fcd1ce
      size: 331
    - path: src/winequality/components/model_trainer.py
      hash: md5
      md5: 94ecfc08a9d9db4a87e48b8a1313111f
      size: 952
    - path: src/winequality/pipeline/model_trainer_pipeline.py
      hash: md5
      md5: 65bb5675682d3508dcfcda7f17a8df31
      size: 979
    params:
      params.yaml:
        ElasticNet.alpha: 0.2
        ElasticNet.l1_ratio: 0.1
    outs:
    - path: artifacts/model_trainer/model.joblib
      hash: md5
      md5: bde31d1a652457ed998954395d96ae01
      size: 1183
  evaluation:
    cmd: python main.py --stages evaluation
    deps:
    - path: artifacts/data_transformation/test.csv
      hash: md5
      md5: 02708e7fdb50c9cc17aa1a72b2b790ca
      size: 19157
    - path: artifacts/model_trainer/model.joblib
      hash: md5
      md5: bde31d1a652457ed998954395d96ae01
      size: 1183
    - path: config/config.yaml
      hash: md5
      md5: c0db5edd267a11490c70db15f2e70c4f
      size: 1008
    - path: main.py
      hash: md5
      md5: 5bbf36b691dfb91a57241eff4d4aa834
      size: 2811
    - path: schema.yaml
      hash: md5
      md5: 7bb686b005f537e48dfb35d749fcd1ce
      size: 331
    - path: src/winequality/components/model_evaluation.py
      hash: md5
      md5: 6eb7436776c800acb43f8fbd7d4e9817
      size: 2487
    - path: src/winequality/pipeline/model_evaluation_pipeline.py
      hash: md5
      md5: bd8ef301caf95693c57850ff50f0c98a
      size: 1012
    params:
      params.yaml:
        ElasticNet.alpha: 0.2
        ElasticNet.l1_ratio: 0.1
    outs:
    - path: artifacts/model_evaluation/metrics.json
      hash: md5
      md5: 7d692e8146218a1344a81061667557c6
      size: 99
